
Microsoft Visual Studio Solution File, Format Version 12.00
# Visual Studio Version 16
VisualStudioVersion = 16.0.31424.327
MinimumVisualStudioVersion = 10.0.40219.1
Project("{9A19103F-16F7-4668-BE54-9A1E7A4F7556}") = "PeliculasApi", "PeliculasApi\PeliculasApi.csproj", "{E13D59D1-8A7C-42CA-A30A-C83EA97AA69D}"
EndProject
Project("{FAE04EC0-301F-11D3-BF4B-00C04F79EFBC}") = "PeliculasApi.Tests", "PeliculasApi.Tests\PeliculasApi.Tests.csproj", "{A3364957-E108-4B5D-A042-D4720FBF3224}"
EndProject
Global
	GlobalSection(SolutionConfigurationPlatforms) = preSolution
		Debug|Any CPU = Debug|Any CPU
		Release|Any CPU = Release|Any CPU
	EndGlobalSection
	GlobalSection(ProjectConfigurationPlatforms) = postSolution
		{E13D59D1-8A7C-42CA-A30A-C83EA97AA69D}.Debug|Any CPU.ActiveCfg = Debug|Any CPU
		{E13D59D1-8A7C-42CA-A30A-C83EA97AA69D}.Debug|Any CPU.Build.0 = Debug|Any CPU
		{E13D59D1-8A7C-42CA-A30A-C83EA97AA69D}.Release|Any CPU.ActiveCfg = Release|Any CPU
		{E13D59D1-8A7C-42CA-A30A-C83EA97AA69D}.Release|Any CPU.Build.0 = Release|Any CPU
		{A3364957-E108-4B5D-A042-D4720FBF3224}.Debug|Any CPU.ActiveCfg = Debug|Any CPU
		{A3364957-E108-4B5D-A042-D4720FBF3224}.Debug|Any CPU.Build.0 = Debug|Any CPU
		{A3364957-E108-4B5D-A042-D4720FBF3224}.Release|Any CPU.ActiveCfg = Release|Any CPU
		{A3364957-E108-4B5D-A042-D4720FBF3224}.Release|Any CPU.Build.0 = Release|Any CPU
	EndGlobalSection
	GlobalSection(SolutionProperties) = preSolution
		HideSolutionNode = FALSE
	EndGlobalSection
	GlobalSection(ExtensibilityGlobals) = postSolution
		SolutionGuid = {A496168B-ABFF-4AE6-A1D7-DD82F9B31DA8}
	EndGlobalSection
EndGlobal
